// !$*UTF8*$!
{
	archiveVersion = 1;
	classes = {
	};
	objectVersion = 56;
	objects = {

/* Begin PBXBuildFile section */
		080D864C2BD361F500AD7B7C /* Alamofire in Frameworks */ = {isa = PBXBuildFile; productRef = 080D864B2BD361F500AD7B7C /* Alamofire */; };
		080D864E2BD361F500AD7B7C /* AlamofireDynamic in Frameworks */ = {isa = PBXBuildFile; productRef = 080D864D2BD361F500AD7B7C /* AlamofireDynamic */; };
		080D86502BD3634300AD7B7C /* NetworkManager.swift in Sources */ = {isa = PBXBuildFile; fileRef = 080D864F2BD3634300AD7B7C /* NetworkManager.swift */; };
		080D86522BD36D3B00AD7B7C /* Endpoint.swift in Sources */ = {isa = PBXBuildFile; fileRef = 080D86512BD36D3B00AD7B7C /* Endpoint.swift */; };
		080D86562BD3791100AD7B7C /* News.swift in Sources */ = {isa = PBXBuildFile; fileRef = 080D86552BD3791100AD7B7C /* News.swift */; };
		080D86582BD3794300AD7B7C /* NewsArticle.swift in Sources */ = {isa = PBXBuildFile; fileRef = 080D86572BD3794300AD7B7C /* NewsArticle.swift */; };
		080D865B2BD37C4100AD7B7C /* NewsListUseCase.swift in Sources */ = {isa = PBXBuildFile; fileRef = 080D865A2BD37C4100AD7B7C /* NewsListUseCase.swift */; };
		080D865E2BD37C8800AD7B7C /* NewsListRepositoryProtocol.swift in Sources */ = {isa = PBXBuildFile; fileRef = 080D865D2BD37C8800AD7B7C /* NewsListRepositoryProtocol.swift */; };
		080D86602BD37CA700AD7B7C /* NewsQuery.swift in Sources */ = {isa = PBXBuildFile; fileRef = 080D865F2BD37CA700AD7B7C /* NewsQuery.swift */; };
		081043412BD148DF006AEF3E /* AppDelegate.swift in Sources */ = {isa = PBXBuildFile; fileRef = 081043402BD148DF006AEF3E /* AppDelegate.swift */; };
		081043432BD148DF006AEF3E /* SceneDelegate.swift in Sources */ = {isa = PBXBuildFile; fileRef = 081043422BD148DF006AEF3E /* SceneDelegate.swift */; };
		081043482BD148DF006AEF3E /* Base in Resources */ = {isa = PBXBuildFile; fileRef = 081043472BD148DF006AEF3E /* Base */; };
		0810434A2BD148E0006AEF3E /* Assets.xcassets in Resources */ = {isa = PBXBuildFile; fileRef = 081043492BD148E0006AEF3E /* Assets.xcassets */; };
		0810434D2BD148E0006AEF3E /* Base in Resources */ = {isa = PBXBuildFile; fileRef = 0810434C2BD148E0006AEF3E /* Base */; };
		0810435A2BD14DE0006AEF3E /* BaseViewController.swift in Sources */ = {isa = PBXBuildFile; fileRef = 081043592BD14DE0006AEF3E /* BaseViewController.swift */; };
		0810435C2BD14DE6006AEF3E /* BaseViewModel.swift in Sources */ = {isa = PBXBuildFile; fileRef = 0810435B2BD14DE6006AEF3E /* BaseViewModel.swift */; };
		0810435E2BD14DF2006AEF3E /* BaseListViewModel.swift in Sources */ = {isa = PBXBuildFile; fileRef = 0810435D2BD14DF2006AEF3E /* BaseListViewModel.swift */; };
		081043602BD14DF9006AEF3E /* BaseCellViewModel.swift in Sources */ = {isa = PBXBuildFile; fileRef = 0810435F2BD14DF9006AEF3E /* BaseCellViewModel.swift */; };
/* End PBXBuildFile section */

/* Begin PBXFileReference section */
		080D864F2BD3634300AD7B7C /* NetworkManager.swift */ = {isa = PBXFileReference; lastKnownFileType = sourcecode.swift; path = NetworkManager.swift; sourceTree = "<group>"; };
		080D86512BD36D3B00AD7B7C /* Endpoint.swift */ = {isa = PBXFileReference; lastKnownFileType = sourcecode.swift; path = Endpoint.swift; sourceTree = "<group>"; };
		080D86552BD3791100AD7B7C /* News.swift */ = {isa = PBXFileReference; lastKnownFileType = sourcecode.swift; path = News.swift; sourceTree = "<group>"; };
		080D86572BD3794300AD7B7C /* NewsArticle.swift */ = {isa = PBXFileReference; lastKnownFileType = sourcecode.swift; path = NewsArticle.swift; sourceTree = "<group>"; };
		080D865A2BD37C4100AD7B7C /* NewsListUseCase.swift */ = {isa = PBXFileReference; lastKnownFileType = sourcecode.swift; path = NewsListUseCase.swift; sourceTree = "<group>"; };
		080D865D2BD37C8800AD7B7C /* NewsListRepositoryProtocol.swift */ = {isa = PBXFileReference; lastKnownFileType = sourcecode.swift; path = NewsListRepositoryProtocol.swift; sourceTree = "<group>"; };
		080D865F2BD37CA700AD7B7C /* NewsQuery.swift */ = {isa = PBXFileReference; lastKnownFileType = sourcecode.swift; path = NewsQuery.swift; sourceTree = "<group>"; };
		0810433D2BD148DF006AEF3E /* NewsList.app */ = {isa = PBXFileReference; explicitFileType = wrapper.application; includeInIndex = 0; path = NewsList.app; sourceTree = BUILT_PRODUCTS_DIR; };
		081043402BD148DF006AEF3E /* AppDelegate.swift */ = {isa = PBXFileReference; lastKnownFileType = sourcecode.swift; path = AppDelegate.swift; sourceTree = "<group>"; };
		081043422BD148DF006AEF3E /* SceneDelegate.swift */ = {isa = PBXFileReference; lastKnownFileType = sourcecode.swift; path = SceneDelegate.swift; sourceTree = "<group>"; };
		081043472BD148DF006AEF3E /* Base */ = {isa = PBXFileReference; lastKnownFileType = file.storyboard; name = Base; path = Base.lproj/Main.storyboard; sourceTree = "<group>"; };
		081043492BD148E0006AEF3E /* Assets.xcassets */ = {isa = PBXFileReference; lastKnownFileType = folder.assetcatalog; path = Assets.xcassets; sourceTree = "<group>"; };
		0810434C2BD148E0006AEF3E /* Base */ = {isa = PBXFileReference; lastKnownFileType = file.storyboard; name = Base; path = Base.lproj/LaunchScreen.storyboard; sourceTree = "<group>"; };
		0810434E2BD148E0006AEF3E /* Info.plist */ = {isa = PBXFileReference; lastKnownFileType = text.plist.xml; path = Info.plist; sourceTree = "<group>"; };
		081043592BD14DE0006AEF3E /* BaseViewController.swift */ = {isa = PBXFileReference; lastKnownFileType = sourcecode.swift; path = BaseViewController.swift; sourceTree = "<group>"; };
		0810435B2BD14DE6006AEF3E /* BaseViewModel.swift */ = {isa = PBXFileReference; lastKnownFileType = sourcecode.swift; path = BaseViewModel.swift; sourceTree = "<group>"; };
		0810435D2BD14DF2006AEF3E /* BaseListViewModel.swift */ = {isa = PBXFileReference; lastKnownFileType = sourcecode.swift; path = BaseListViewModel.swift; sourceTree = "<group>"; };
		0810435F2BD14DF9006AEF3E /* BaseCellViewModel.swift */ = {isa = PBXFileReference; lastKnownFileType = sourcecode.swift; path = BaseCellViewModel.swift; sourceTree = "<group>"; };
/* End PBXFileReference section */

/* Begin PBXFrameworksBuildPhase section */
		0810433A2BD148DF006AEF3E /* Frameworks */ = {
			isa = PBXFrameworksBuildPhase;
			buildActionMask = 2147483647;
			files = (
				080D864C2BD361F500AD7B7C /* Alamofire in Frameworks */,
				080D864E2BD361F500AD7B7C /* AlamofireDynamic in Frameworks */,
			);
			runOnlyForDeploymentPostprocessing = 0;
		};
/* End PBXFrameworksBuildPhase section */

/* Begin PBXGroup section */
		080D86492BD35B4700AD7B7C /* Network */ = {
			isa = PBXGroup;
			children = (
				080D864F2BD3634300AD7B7C /* NetworkManager.swift */,
				080D86512BD36D3B00AD7B7C /* Endpoint.swift */,
			);
			path = Network;
			sourceTree = "<group>";
		};
		080D86532BD378FB00AD7B7C /* Domain */ = {
			isa = PBXGroup;
			children = (
				080D86542BD3790500AD7B7C /* Entities */,
				080D86592BD3798700AD7B7C /* UseCases */,
				080D86612BD3A57900AD7B7C /* Interfaces */,
			);
			path = Domain;
			sourceTree = "<group>";
		};
		080D86542BD3790500AD7B7C /* Entities */ = {
			isa = PBXGroup;
			children = (
				080D86552BD3791100AD7B7C /* News.swift */,
				080D865F2BD37CA700AD7B7C /* NewsQuery.swift */,
				080D86572BD3794300AD7B7C /* NewsArticle.swift */,
			);
			path = Entities;
			sourceTree = "<group>";
		};
		080D86592BD3798700AD7B7C /* UseCases */ = {
			isa = PBXGroup;
			children = (
				080D865A2BD37C4100AD7B7C /* NewsListUseCase.swift */,
			);
			path = UseCases;
			sourceTree = "<group>";
		};
		080D865C2BD37C7A00AD7B7C /* Repositories */ = {
			isa = PBXGroup;
			children = (
				080D865D2BD37C8800AD7B7C /* NewsListRepositoryProtocol.swift */,
			);
			path = Repositories;
			sourceTree = "<group>";
		};
		080D86612BD3A57900AD7B7C /* Interfaces */ = {
			isa = PBXGroup;
			children = (
				080D865C2BD37C7A00AD7B7C /* Repositories */,
			);
			path = Interfaces;
			sourceTree = "<group>";
		};
		081043342BD148DF006AEF3E = {
			isa = PBXGroup;
			children = (
				0810433F2BD148DF006AEF3E /* NewsList */,
				0810433E2BD148DF006AEF3E /* Products */,
			);
			sourceTree = "<group>";
		};
		0810433E2BD148DF006AEF3E /* Products */ = {
			isa = PBXGroup;
			children = (
				0810433D2BD148DF006AEF3E /* NewsList.app */,
			);
			name = Products;
			sourceTree = "<group>";
		};
		0810433F2BD148DF006AEF3E /* NewsList */ = {
			isa = PBXGroup;
			children = (
				081043542BD14934006AEF3E /* Application */,
				081043552BD14939006AEF3E /* Resources */,
				080D86532BD378FB00AD7B7C /* Domain */,
				080D86492BD35B4700AD7B7C /* Network */,
				081043562BD14953006AEF3E /* Presentation */,
			);
			path = NewsList;
			sourceTree = "<group>";
		};
		081043542BD14934006AEF3E /* Application */ = {
			isa = PBXGroup;
			children = (
				081043402BD148DF006AEF3E /* AppDelegate.swift */,
				081043422BD148DF006AEF3E /* SceneDelegate.swift */,
			);
			path = Application;
			sourceTree = "<group>";
		};
		081043552BD14939006AEF3E /* Resources */ = {
			isa = PBXGroup;
			children = (
				081043492BD148E0006AEF3E /* Assets.xcassets */,
				0810434E2BD148E0006AEF3E /* Info.plist */,
			);
			path = Resources;
			sourceTree = "<group>";
		};
		081043562BD14953006AEF3E /* Presentation */ = {
			isa = PBXGroup;
			children = (
				081043572BD14DB6006AEF3E /* Common */,
				081043462BD148DF006AEF3E /* Main.storyboard */,
				0810434B2BD148E0006AEF3E /* LaunchScreen.storyboard */,
			);
			path = Presentation;
			sourceTree = "<group>";
		};
		081043572BD14DB6006AEF3E /* Common */ = {
			isa = PBXGroup;
			children = (
				081043582BD14DD2006AEF3E /* Base */,
			);
			path = Common;
			sourceTree = "<group>";
		};
		081043582BD14DD2006AEF3E /* Base */ = {
			isa = PBXGroup;
			children = (
				081043592BD14DE0006AEF3E /* BaseViewController.swift */,
				0810435B2BD14DE6006AEF3E /* BaseViewModel.swift */,
				0810435D2BD14DF2006AEF3E /* BaseListViewModel.swift */,
				0810435F2BD14DF9006AEF3E /* BaseCellViewModel.swift */,
			);
			path = Base;
			sourceTree = "<group>";
		};
/* End PBXGroup section */

/* Begin PBXNativeTarget section */
		0810433C2BD148DF006AEF3E /* NewsList */ = {
			isa = PBXNativeTarget;
			buildConfigurationList = 081043512BD148E0006AEF3E /* Build configuration list for PBXNativeTarget "NewsList" */;
			buildPhases = (
				081043392BD148DF006AEF3E /* Sources */,
				0810433A2BD148DF006AEF3E /* Frameworks */,
				0810433B2BD148DF006AEF3E /* Resources */,
			);
			buildRules = (
			);
			dependencies = (
			);
			name = NewsList;
			packageProductDependencies = (
				080D864B2BD361F500AD7B7C /* Alamofire */,
				080D864D2BD361F500AD7B7C /* AlamofireDynamic */,
			);
			productName = NewsList;
			productReference = 0810433D2BD148DF006AEF3E /* NewsList.app */;
			productType = "com.apple.product-type.application";
		};
/* End PBXNativeTarget section */

/* Begin PBXProject section */
		081043352BD148DF006AEF3E /* Project object */ = {
			isa = PBXProject;
			attributes = {
				BuildIndependentTargetsInParallel = 1;
				LastSwiftUpdateCheck = 1530;
				LastUpgradeCheck = 1530;
				TargetAttributes = {
					0810433C2BD148DF006AEF3E = {
						CreatedOnToolsVersion = 15.3;
					};
				};
			};
			buildConfigurationList = 081043382BD148DF006AEF3E /* Build configuration list for PBXProject "NewsList" */;
			compatibilityVersion = "Xcode 14.0";
			developmentRegion = en;
			hasScannedForEncodings = 0;
			knownRegions = (
				en,
				Base,
			);
			mainGroup = 081043342BD148DF006AEF3E;
			packageReferences = (
				080D864A2BD361F500AD7B7C /* XCRemoteSwiftPackageReference "Alamofire" */,
			);
			productRefGroup = 0810433E2BD148DF006AEF3E /* Products */;
			projectDirPath = "";
			projectRoot = "";
			targets = (
				0810433C2BD148DF006AEF3E /* NewsList */,
			);
		};
/* End PBXProject section */

/* Begin PBXResourcesBuildPhase section */
		0810433B2BD148DF006AEF3E /* Resources */ = {
			isa = PBXResourcesBuildPhase;
			buildActionMask = 2147483647;
			files = (
				0810434A2BD148E0006AEF3E /* Assets.xcassets in Resources */,
				0810434D2BD148E0006AEF3E /* Base in Resources */,
				081043482BD148DF006AEF3E /* Base in Resources */,
			);
			runOnlyForDeploymentPostprocessing = 0;
		};
/* End PBXResourcesBuildPhase section */

/* Begin PBXSourcesBuildPhase section */
		081043392BD148DF006AEF3E /* Sources */ = {
			isa = PBXSourcesBuildPhase;
			buildActionMask = 2147483647;
			files = (
				0810435E2BD14DF2006AEF3E /* BaseListViewModel.swift in Sources */,
				081043602BD14DF9006AEF3E /* BaseCellViewModel.swift in Sources */,
				080D86522BD36D3B00AD7B7C /* Endpoint.swift in Sources */,
				080D86562BD3791100AD7B7C /* News.swift in Sources */,
				080D865E2BD37C8800AD7B7C /* NewsListRepositoryProtocol.swift in Sources */,
				080D86582BD3794300AD7B7C /* NewsArticle.swift in Sources */,
				080D86602BD37CA700AD7B7C /* NewsQuery.swift in Sources */,
				0810435C2BD14DE6006AEF3E /* BaseViewModel.swift in Sources */,
				080D86502BD3634300AD7B7C /* NetworkManager.swift in Sources */,
				0810435A2BD14DE0006AEF3E /* BaseViewController.swift in Sources */,
				081043412BD148DF006AEF3E /* AppDelegate.swift in Sources */,
				080D865B2BD37C4100AD7B7C /* NewsListUseCase.swift in Sources */,
				081043432BD148DF006AEF3E /* SceneDelegate.swift in Sources */,
			);
			runOnlyForDeploymentPostprocessing = 0;
		};
/* End PBXSourcesBuildPhase section */

/* Begin PBXVariantGroup section */
		081043462BD148DF006AEF3E /* Main.storyboard */ = {
			isa = PBXVariantGroup;
			children = (
				081043472BD148DF006AEF3E /* Base */,
			);
			name = Main.storyboard;
			sourceTree = "<group>";
		};
		0810434B2BD148E0006AEF3E /* LaunchScreen.storyboard */ = {
			isa = PBXVariantGroup;
			children = (
				0810434C2BD148E0006AEF3E /* Base */,
			);
			name = LaunchScreen.storyboard;
			sourceTree = "<group>";
		};
/* End PBXVariantGroup section */

/* Begin XCBuildConfiguration section */
		0810434F2BD148E0006AEF3E /* Debug */ = {
			isa = XCBuildConfiguration;
			buildSettings = {
				ALWAYS_SEARCH_USER_PATHS = NO;
				ASSETCATALOG_COMPILER_GENERATE_SWIFT_ASSET_SYMBOL_EXTENSIONS = YES;
				CLANG_ANALYZER_NONNULL = YES;
				CLANG_ANALYZER_NUMBER_OBJECT_CONVERSION = YES_AGGRESSIVE;
				CLANG_CXX_LANGUAGE_STANDARD = "gnu++20";
				CLANG_ENABLE_MODULES = YES;
				CLANG_ENABLE_OBJC_ARC = YES;
				CLANG_ENABLE_OBJC_WEAK = YES;
				CLANG_WARN_BLOCK_CAPTURE_AUTORELEASING = YES;
				CLANG_WARN_BOOL_CONVERSION = YES;
				CLANG_WARN_COMMA = YES;
				CLANG_WARN_CONSTANT_CONVERSION = YES;
				CLANG_WARN_DEPRECATED_OBJC_IMPLEMENTATIONS = YES;
				CLANG_WARN_DIRECT_OBJC_ISA_USAGE = YES_ERROR;
				CLANG_WARN_DOCUMENTATION_COMMENTS = YES;
				CLANG_WARN_EMPTY_BODY = YES;
				CLANG_WARN_ENUM_CONVERSION = YES;
				CLANG_WARN_INFINITE_RECURSION = YES;
				CLANG_WARN_INT_CONVERSION = YES;
				CLANG_WARN_NON_LITERAL_NULL_CONVERSION = YES;
				CLANG_WARN_OBJC_IMPLICIT_RETAIN_SELF = YES;
				CLANG_WARN_OBJC_LITERAL_CONVERSION = YES;
				CLANG_WARN_OBJC_ROOT_CLASS = YES_ERROR;
				CLANG_WARN_QUOTED_INCLUDE_IN_FRAMEWORK_HEADER = YES;
				CLANG_WARN_RANGE_LOOP_ANALYSIS = YES;
				CLANG_WARN_STRICT_PROTOTYPES = YES;
				CLANG_WARN_SUSPICIOUS_MOVE = YES;
				CLANG_WARN_UNGUARDED_AVAILABILITY = YES_AGGRESSIVE;
				CLANG_WARN_UNREACHABLE_CODE = YES;
				CLANG_WARN__DUPLICATE_METHOD_MATCH = YES;
				COPY_PHASE_STRIP = NO;
				DEBUG_INFORMATION_FORMAT = dwarf;
				ENABLE_STRICT_OBJC_MSGSEND = YES;
				ENABLE_TESTABILITY = YES;
				ENABLE_USER_SCRIPT_SANDBOXING = YES;
				GCC_C_LANGUAGE_STANDARD = gnu17;
				GCC_DYNAMIC_NO_PIC = NO;
				GCC_NO_COMMON_BLOCKS = YES;
				GCC_OPTIMIZATION_LEVEL = 0;
				GCC_PREPROCESSOR_DEFINITIONS = (
					"DEBUG=1",
					"$(inherited)",
				);
				GCC_WARN_64_TO_32_BIT_CONVERSION = YES;
				GCC_WARN_ABOUT_RETURN_TYPE = YES_ERROR;
				GCC_WARN_UNDECLARED_SELECTOR = YES;
				GCC_WARN_UNINITIALIZED_AUTOS = YES_AGGRESSIVE;
				GCC_WARN_UNUSED_FUNCTION = YES;
				GCC_WARN_UNUSED_VARIABLE = YES;
				IPHONEOS_DEPLOYMENT_TARGET = 17.4;
				LOCALIZATION_PREFERS_STRING_CATALOGS = YES;
				MTL_ENABLE_DEBUG_INFO = INCLUDE_SOURCE;
				MTL_FAST_MATH = YES;
				ONLY_ACTIVE_ARCH = YES;
				SDKROOT = iphoneos;
				SWIFT_ACTIVE_COMPILATION_CONDITIONS = "DEBUG $(inherited)";
				SWIFT_OPTIMIZATION_LEVEL = "-Onone";
			};
			name = Debug;
		};
		081043502BD148E0006AEF3E /* Release */ = {
			isa = XCBuildConfiguration;
			buildSettings = {
				ALWAYS_SEARCH_USER_PATHS = NO;
				ASSETCATALOG_COMPILER_GENERATE_SWIFT_ASSET_SYMBOL_EXTENSIONS = YES;
				CLANG_ANALYZER_NONNULL = YES;
				CLANG_ANALYZER_NUMBER_OBJECT_CONVERSION = YES_AGGRESSIVE;
				CLANG_CXX_LANGUAGE_STANDARD = "gnu++20";
				CLANG_ENABLE_MODULES = YES;
				CLANG_ENABLE_OBJC_ARC = YES;
				CLANG_ENABLE_OBJC_WEAK = YES;
				CLANG_WARN_BLOCK_CAPTURE_AUTORELEASING = YES;
				CLANG_WARN_BOOL_CONVERSION = YES;
				CLANG_WARN_COMMA = YES;
				CLANG_WARN_CONSTANT_CONVERSION = YES;
				CLANG_WARN_DEPRECATED_OBJC_IMPLEMENTATIONS = YES;
				CLANG_WARN_DIRECT_OBJC_ISA_USAGE = YES_ERROR;
				CLANG_WARN_DOCUMENTATION_COMMENTS = YES;
				CLANG_WARN_EMPTY_BODY = YES;
				CLANG_WARN_ENUM_CONVERSION = YES;
				CLANG_WARN_INFINITE_RECURSION = YES;
				CLANG_WARN_INT_CONVERSION = YES;
				CLANG_WARN_NON_LITERAL_NULL_CONVERSION = YES;
				CLANG_WARN_OBJC_IMPLICIT_RETAIN_SELF = YES;
				CLANG_WARN_OBJC_LITERAL_CONVERSION = YES;
				CLANG_WARN_OBJC_ROOT_CLASS = YES_ERROR;
				CLANG_WARN_QUOTED_INCLUDE_IN_FRAMEWORK_HEADER = YES;
				CLANG_WARN_RANGE_LOOP_ANALYSIS = YES;
				CLANG_WARN_STRICT_PROTOTYPES = YES;
				CLANG_WARN_SUSPICIOUS_MOVE = YES;
				CLANG_WARN_UNGUARDED_AVAILABILITY = YES_AGGRESSIVE;
				CLANG_WARN_UNREACHABLE_CODE = YES;
				CLANG_WARN__DUPLICATE_METHOD_MATCH = YES;
				COPY_PHASE_STRIP = NO;
				DEBUG_INFORMATION_FORMAT = "dwarf-with-dsym";
				ENABLE_NS_ASSERTIONS = NO;
				ENABLE_STRICT_OBJC_MSGSEND = YES;
				ENABLE_USER_SCRIPT_SANDBOXING = YES;
				GCC_C_LANGUAGE_STANDARD = gnu17;
				GCC_NO_COMMON_BLOCKS = YES;
				GCC_WARN_64_TO_32_BIT_CONVERSION = YES;
				GCC_WARN_ABOUT_RETURN_TYPE = YES_ERROR;
				GCC_WARN_UNDECLARED_SELECTOR = YES;
				GCC_WARN_UNINITIALIZED_AUTOS = YES_AGGRESSIVE;
				GCC_WARN_UNUSED_FUNCTION = YES;
				GCC_WARN_UNUSED_VARIABLE = YES;
				IPHONEOS_DEPLOYMENT_TARGET = 17.4;
				LOCALIZATION_PREFERS_STRING_CATALOGS = YES;
				MTL_ENABLE_DEBUG_INFO = NO;
				MTL_FAST_MATH = YES;
				SDKROOT = iphoneos;
				SWIFT_COMPILATION_MODE = wholemodule;
				VALIDATE_PRODUCT = YES;
			};
			name = Release;
		};
		081043522BD148E0006AEF3E /* Debug */ = {
			isa = XCBuildConfiguration;
			buildSettings = {
				ASSETCATALOG_COMPILER_APPICON_NAME = AppIcon;
				ASSETCATALOG_COMPILER_GLOBAL_ACCENT_COLOR_NAME = AccentColor;
				CODE_SIGN_STYLE = Automatic;
				CURRENT_PROJECT_VERSION = 1;
				GENERATE_INFOPLIST_FILE = YES;
				INFOPLIST_FILE = NewsList/Resources/Info.plist;
				INFOPLIST_KEY_UIApplicationSupportsIndirectInputEvents = YES;
				INFOPLIST_KEY_UILaunchStoryboardName = LaunchScreen;
				INFOPLIST_KEY_UIMainStoryboardFile = Main;
				INFOPLIST_KEY_UISupportedInterfaceOrientations_iPad = "UIInterfaceOrientationPortrait UIInterfaceOrientationPortraitUpsideDown UIInterfaceOrientationLandscapeLeft UIInterfaceOrientationLandscapeRight";
				INFOPLIST_KEY_UISupportedInterfaceOrientations_iPhone = "UIInterfaceOrientationPortrait UIInterfaceOrientationLandscapeLeft UIInterfaceOrientationLandscapeRight";
				LD_RUNPATH_SEARCH_PATHS = (
					"$(inherited)",
					"@executable_path/Frameworks",
				);
				MARKETING_VERSION = 1.0;
				PRODUCT_BUNDLE_IDENTIFIER = kr.junyoung.newslist;
				PRODUCT_NAME = "$(TARGET_NAME)";
				SWIFT_EMIT_LOC_STRINGS = YES;
				SWIFT_VERSION = 5.0;
				TARGETED_DEVICE_FAMILY = "1,2";
			};
			name = Debug;
		};
		081043532BD148E0006AEF3E /* Release */ = {
			isa = XCBuildConfiguration;
			buildSettings = {
				ASSETCATALOG_COMPILER_APPICON_NAME = AppIcon;
				ASSETCATALOG_COMPILER_GLOBAL_ACCENT_COLOR_NAME = AccentColor;
				CODE_SIGN_STYLE = Automatic;
				CURRENT_PROJECT_VERSION = 1;
				GENERATE_INFOPLIST_FILE = YES;
				INFOPLIST_FILE = NewsList/Resources/Info.plist;
				INFOPLIST_KEY_UIApplicationSupportsIndirectInputEvents = YES;
				INFOPLIST_KEY_UILaunchStoryboardName = LaunchScreen;
				INFOPLIST_KEY_UIMainStoryboardFile = Main;
				INFOPLIST_KEY_UISupportedInterfaceOrientations_iPad = "UIInterfaceOrientationPortrait UIInterfaceOrientationPortraitUpsideDown UIInterfaceOrientationLandscapeLeft UIInterfaceOrientationLandscapeRight";
				INFOPLIST_KEY_UISupportedInterfaceOrientations_iPhone = "UIInterfaceOrientationPortrait UIInterfaceOrientationLandscapeLeft UIInterfaceOrientationLandscapeRight";
				LD_RUNPATH_SEARCH_PATHS = (
					"$(inherited)",
					"@executable_path/Frameworks",
				);
				MARKETING_VERSION = 1.0;
				PRODUCT_BUNDLE_IDENTIFIER = kr.junyoung.newslist;
				PRODUCT_NAME = "$(TARGET_NAME)";
				SWIFT_EMIT_LOC_STRINGS = YES;
				SWIFT_VERSION = 5.0;
				TARGETED_DEVICE_FAMILY = "1,2";
			};
			name = Release;
		};
/* End XCBuildConfiguration section */

/* Begin XCConfigurationList section */
		081043382BD148DF006AEF3E /* Build configuration list for PBXProject "NewsList" */ = {
			isa = XCConfigurationList;
			buildConfigurations = (
				0810434F2BD148E0006AEF3E /* Debug */,
				081043502BD148E0006AEF3E /* Release */,
			);
			defaultConfigurationIsVisible = 0;
			defaultConfigurationName = Release;
		};
		081043512BD148E0006AEF3E /* Build configuration list for PBXNativeTarget "NewsList" */ = {
			isa = XCConfigurationList;
			buildConfigurations = (
				081043522BD148E0006AEF3E /* Debug */,
				081043532BD148E0006AEF3E /* Release */,
			);
			defaultConfigurationIsVisible = 0;
			defaultConfigurationName = Release;
		};
/* End XCConfigurationList section */

/* Begin XCRemoteSwiftPackageReference section */
		080D864A2BD361F500AD7B7C /* XCRemoteSwiftPackageReference "Alamofire" */ = {
			isa = XCRemoteSwiftPackageReference;
			repositoryURL = "https://github.com/Alamofire/Alamofire.git";
			requirement = {
				kind = upToNextMajorVersion;
				minimumVersion = 5.9.1;
			};
		};
/* End XCRemoteSwiftPackageReference section */

/* Begin XCSwiftPackageProductDependency section */
		080D864B2BD361F500AD7B7C /* Alamofire */ = {
			isa = XCSwiftPackageProductDependency;
			package = 080D864A2BD361F500AD7B7C /* XCRemoteSwiftPackageReference "Alamofire" */;
			productName = Alamofire;
		};
		080D864D2BD361F500AD7B7C /* AlamofireDynamic */ = {
			isa = XCSwiftPackageProductDependency;
			package = 080D864A2BD361F500AD7B7C /* XCRemoteSwiftPackageReference "Alamofire" */;
			productName = AlamofireDynamic;
		};
/* End XCSwiftPackageProductDependency section */
	};
	rootObject = 081043352BD148DF006AEF3E /* Project object */;
}
